
Microsoft Visual Studio Solution File, Format Version 12.00
# Visual Studio Version 17
VisualStudioVersion = 17.5.002.0
MinimumVisualStudioVersion = 10.0.40219.1
Project("{9A19103F-16F7-4668-BE54-9A1E7A4F7556}") = "ExpenseTrackerAPI", "ExpenseTrackerAPI\ExpenseTrackerAPI.csproj", "{8AA83104-02E8-4F58-9C35-434AB88CCB33}"
EndProject
Global
	GlobalSection(SolutionConfigurationPlatforms) = preSolution
		Debug|Any CPU = Debug|Any CPU
		Release|Any CPU = Release|Any CPU
	EndGlobalSection
	GlobalSection(ProjectConfigurationPlatforms) = postSolution
		{8AA83104-02E8-4F58-9C35-434AB88CCB33}.Debug|Any CPU.ActiveCfg = Debug|Any CPU
		{8AA83104-02E8-4F58-9C35-434AB88CCB33}.Debug|Any CPU.Build.0 = Debug|Any CPU
		{8AA83104-02E8-4F58-9C35-434AB88CCB33}.Release|Any CPU.ActiveCfg = Release|Any CPU
		{8AA83104-02E8-4F58-9C35-434AB88CCB33}.Release|Any CPU.Build.0 = Release|Any CPU
	EndGlobalSection
	GlobalSection(SolutionProperties) = preSolution
		HideSolutionNode = FALSE
	EndGlobalSection
	GlobalSection(ExtensibilityGlobals) = postSolution
		SolutionGuid = {08A0D2EC-3408-4448-BC71-27E3CFC26505}
	EndGlobalSection
EndGlobal
